PODS:
  - AlipaySDK-iOS (15.7.4)
  - WechatOpenSDK (1.8.5)
  - ZMSuperPay (0.1.0):
    - AlipaySDK-iOS
    - WechatOpenSDK (= 1.8.5)

DEPENDENCIES:
  - ZMSuperPay (from `../`)

SPEC REPOS:
  trunk:
    - AlipaySDK-iOS
    - WechatOpenSDK

EXTERNAL SOURCES:
  ZMSuperPay:
    :path: "../"

SPEC CHECKSUMS:
  AlipaySDK-iOS: 8659cdb4403de7e5f26ad8b699864a9cbe53384c
  WechatOpenSDK: 9b15110aba1d502456d8e83677357e6437f2e751
  ZMSuperPay: 409f7319f15783eb758e32afc2d74b91354de375

PODFILE CHECKSUM: 1a56d4b421a95a05e2aaf234b798afc9f24f7cc3

COCOAPODS: 1.9.3
